# This file is autogenerated, do not edit; changes may be undone by the next 'dep ensure'.


[[projects]]
  name = "github.com/Azure/azure-pipeline-go"
  packages = ["pipeline"]
  revision = "7571e8eb0876932ab505918ff7ed5107773e5ee2"
  version = "0.1.7"

[[projects]]
  branch = "master"
  name = "github.com/Azure/azure-storage-blob-go"
  packages = ["2018-03-28/azblob"]
  revision = "197d1c0aea1b9eedbbaee0a1a32bf81e879bde80"

[[projects]]
  name = "github.com/golang/protobuf"
  packages = ["proto"]
  revision = "b4deda0973fb4c70b50d226b1af49f3da59f5265"
  version = "v1.1.0"

[[projects]]
  branch = "master"
  name = "github.com/google/go-querystring"
  packages = ["query"]
  revision = "53e6ce116135b80d037921a7fdd5138cf32d7a8a"

[[projects]]
  name = "github.com/urfave/cli"
  packages = ["."]
  revision = "cfb38830724cc34fedffe9a2a29fb54fa9169cd1"
  version = "v1.20.0"

[[projects]]
  name = "github.com/vmihailenco/msgpack"
  packages = [
    ".",
    "codes"
  ]
  revision = "935c5b540faab4d4922ae6f1fddcf77a726f259c"
  version = "v4.0.0"

[[projects]]
  name = "github.com/xanzy/go-gitlab"
  packages = ["."]
  revision = "4f616cbce6a5f335461881701f772d8b8e16c2f6"
  version = "v0.10.8"

[[projects]]
  branch = "master"
  name = "golang.org/x/net"
  packages = [
    "context",
    "context/ctxhttp"
  ]
  revision = "f4c29de78a2a91c00474a2e689954305c350adf9"

[[projects]]
  branch = "master"
  name = "golang.org/x/oauth2"
  packages = [
    ".",
    "internal"
  ]
  revision = "3d292e4d0cdc3a0113e6d207bb137145ef1de42f"

[[projects]]
  name = "google.golang.org/appengine"
  packages = [
    ".",
    "datastore",
    "internal",
    "internal/app_identity",
    "internal/base",
    "internal/datastore",
    "internal/log",
    "internal/modules",
    "internal/remote_api",
    "internal/urlfetch",
    "urlfetch"
  ]
  revision = "b1f26356af11148e710935ed1ac8a7f5702c7612"
  version = "v1.1.0"

[[projects]]
  name = "gopkg.in/yaml.v2"
  packages = ["."]
  revision = "5420a8b6744d3b0345ab293f6fcba19c978f1183"
  version = "v2.2.1"

[solve-meta]
  analyzer-name = "dep"
  analyzer-version = 1
  inputs-digest = "8032a3de177f362c1cbbc8f967a6d39fd243649be04efcbd0f95a0c56350f704"
  solver-name = "gps-cdcl"
  solver-version = 1
